
Microsoft Visual Studio Solution File, Format Version 12.00
# Visual Studio 15
VisualStudioVersion = 15.0.27004.2002
MinimumVisualStudioVersion = 10.0.40219.1
Project("{2150E333-8FDC-42A3-9474-1A3956D46DE8}") = "Solution Items", "Solution Items", "{BC101D79-62FB-4576-B4EC-E9D6FB7C7322}"
	ProjectSection(SolutionItems) = preProject
		LICENSE = LICENSE
		README.md = README.md
	EndProjectSection
EndProject
Project("{9A19103F-16F7-4668-BE54-9A1E7A4F7556}") = "DotNet.HighStock", "DotNet.HighStock\DotNet.HighStock.csproj", "{909FEFB2-9ED0-40DE-B092-D6C210A6DB99}"
EndProject
Project("{9A19103F-16F7-4668-BE54-9A1E7A4F7556}") = "DotNet.HighStock.Sample", "DotNet.HighStock.Sample\DotNet.HighStock.Sample.csproj", "{0643F3BC-D157-4BF2-8F19-8DA5921E138A}"
EndProject
Project("{2150E333-8FDC-42A3-9474-1A3956D46DE8}") = "logo-files", "logo-files", "{7FFB9649-EAD5-47F1-8B06-82150085D698}"
	ProjectSection(SolutionItems) = preProject
		logo-files\highstock.ico = logo-files\highstock.ico
		logo-files\highstock.png = logo-files\highstock.png
	EndProjectSection
EndProject
Global
	GlobalSection(SolutionConfigurationPlatforms) = preSolution
		Debug|Any CPU = Debug|Any CPU
		Release|Any CPU = Release|Any CPU
	EndGlobalSection
	GlobalSection(ProjectConfigurationPlatforms) = postSolution
		{909FEFB2-9ED0-40DE-B092-D6C210A6DB99}.Debug|Any CPU.ActiveCfg = Debug|Any CPU
		{909FEFB2-9ED0-40DE-B092-D6C210A6DB99}.Debug|Any CPU.Build.0 = Debug|Any CPU
		{909FEFB2-9ED0-40DE-B092-D6C210A6DB99}.Release|Any CPU.ActiveCfg = Release|Any CPU
		{909FEFB2-9ED0-40DE-B092-D6C210A6DB99}.Release|Any CPU.Build.0 = Release|Any CPU
		{0643F3BC-D157-4BF2-8F19-8DA5921E138A}.Debug|Any CPU.ActiveCfg = Debug|Any CPU
		{0643F3BC-D157-4BF2-8F19-8DA5921E138A}.Debug|Any CPU.Build.0 = Debug|Any CPU
		{0643F3BC-D157-4BF2-8F19-8DA5921E138A}.Release|Any CPU.ActiveCfg = Release|Any CPU
		{0643F3BC-D157-4BF2-8F19-8DA5921E138A}.Release|Any CPU.Build.0 = Release|Any CPU
	EndGlobalSection
	GlobalSection(SolutionProperties) = preSolution
		HideSolutionNode = FALSE
	EndGlobalSection
	GlobalSection(ExtensibilityGlobals) = postSolution
		SolutionGuid = {0B87F4F9-7277-45C8-AF0A-85EA24B1FE71}
	EndGlobalSection
EndGlobal
